
Microsoft Visual Studio Solution File, Format Version 12.00
# Visual Studio 14
VisualStudioVersion = 14.0.25420.1
MinimumVisualStudioVersion = 10.0.40219.1
Project("{FAE04EC0-301F-11D3-BF4B-00C04F79EFBC}") = "HLS.Download.UI", "HLS.Download.UI\HLS.Download.UI.csproj", "{6B3B9A42-67E1-4DC9-B6A2-A50A3F184EA0}"
	ProjectSection(ProjectDependencies) = postProject
		{971C1E8F-0AB6-4711-8A70-83EF0C6E8C38} = {971C1E8F-0AB6-4711-8A70-83EF0C6E8C38}
	EndProjectSection
EndProject
Project("{FAE04EC0-301F-11D3-BF4B-00C04F79EFBC}") = "Aria2c", "Aria2c\Aria2c.csproj", "{E352E426-A614-4E27-A8EE-CD80FA184FF2}"
EndProject
Project("{FAE04EC0-301F-11D3-BF4B-00C04F79EFBC}") = "XmlRpcNet", "XmlRpcNet\XmlRpcNet.csproj", "{1B4B0A58-0AFB-4090-91DD-18912CC7DE65}"
EndProject
Project("{FAE04EC0-301F-11D3-BF4B-00C04F79EFBC}") = "HLS.Download", "HLS.Download\HLS.Download.csproj", "{D34E9CDC-0160-4357-8096-287F94E1B2AC}"
EndProject
Project("{2150E333-8FDC-42A3-9474-1A3956D46DE8}") = "Solution Items", "Solution Items", "{E513D9ED-BCDB-4E63-8610-BBE86F7958C8}"
	ProjectSection(SolutionItems) = preProject
		readme.md = readme.md
	EndProjectSection
EndProject
Project("{FAE04EC0-301F-11D3-BF4B-00C04F79EFBC}") = "BrowserHelper", "BrowserHelper\BrowserHelper.csproj", "{767C182D-D7F9-48ED-B1F9-5DD896717965}"
EndProject
Project("{FAE04EC0-301F-11D3-BF4B-00C04F79EFBC}") = "WinAPI", "WinAPI\WinAPI.csproj", "{E9655732-EA47-4CDE-9EED-B16295379B16}"
EndProject
Project("{FAE04EC0-301F-11D3-BF4B-00C04F79EFBC}") = "M3U8DL.Service", "m3u8dl.service\M3U8DL.Service.csproj", "{971C1E8F-0AB6-4711-8A70-83EF0C6E8C38}"
EndProject
Global
	GlobalSection(SolutionConfigurationPlatforms) = preSolution
		Debug|Any CPU = Debug|Any CPU
		Debug|x64 = Debug|x64
		Debug|x86 = Debug|x86
		Release|Any CPU = Release|Any CPU
		Release|x64 = Release|x64
		Release|x86 = Release|x86
	EndGlobalSection
	GlobalSection(ProjectConfigurationPlatforms) = postSolution
		{6B3B9A42-67E1-4DC9-B6A2-A50A3F184EA0}.Debug|Any CPU.ActiveCfg = Debug|Any CPU
		{6B3B9A42-67E1-4DC9-B6A2-A50A3F184EA0}.Debug|Any CPU.Build.0 = Debug|Any CPU
		{6B3B9A42-67E1-4DC9-B6A2-A50A3F184EA0}.Debug|x64.ActiveCfg = Debug|x64
		{6B3B9A42-67E1-4DC9-B6A2-A50A3F184EA0}.Debug|x64.Build.0 = Debug|x64
		{6B3B9A42-67E1-4DC9-B6A2-A50A3F184EA0}.Debug|x86.ActiveCfg = Debug|x86
		{6B3B9A42-67E1-4DC9-B6A2-A50A3F184EA0}.Debug|x86.Build.0 = Debug|x86
		{6B3B9A42-67E1-4DC9-B6A2-A50A3F184EA0}.Release|Any CPU.ActiveCfg = Release|Any CPU
		{6B3B9A42-67E1-4DC9-B6A2-A50A3F184EA0}.Release|Any CPU.Build.0 = Release|Any CPU
		{6B3B9A42-67E1-4DC9-B6A2-A50A3F184EA0}.Release|x64.ActiveCfg = Release|x64
		{6B3B9A42-67E1-4DC9-B6A2-A50A3F184EA0}.Release|x64.Build.0 = Release|x64
		{6B3B9A42-67E1-4DC9-B6A2-A50A3F184EA0}.Release|x86.ActiveCfg = Release|x86
		{6B3B9A42-67E1-4DC9-B6A2-A50A3F184EA0}.Release|x86.Build.0 = Release|x86
		{E352E426-A614-4E27-A8EE-CD80FA184FF2}.Debug|Any CPU.ActiveCfg = Debug|Any CPU
		{E352E426-A614-4E27-A8EE-CD80FA184FF2}.Debug|Any CPU.Build.0 = Debug|Any CPU
		{E352E426-A614-4E27-A8EE-CD80FA184FF2}.Debug|x64.ActiveCfg = Debug|x64
		{E352E426-A614-4E27-A8EE-CD80FA184FF2}.Debug|x64.Build.0 = Debug|x64
		{E352E426-A614-4E27-A8EE-CD80FA184FF2}.Debug|x86.ActiveCfg = Debug|x86
		{E352E426-A614-4E27-A8EE-CD80FA184FF2}.Debug|x86.Build.0 = Debug|x86
		{E352E426-A614-4E27-A8EE-CD80FA184FF2}.Release|Any CPU.ActiveCfg = Release|Any CPU
		{E352E426-A614-4E27-A8EE-CD80FA184FF2}.Release|Any CPU.Build.0 = Release|Any CPU
		{E352E426-A614-4E27-A8EE-CD80FA184FF2}.Release|x64.ActiveCfg = Release|x64
		{E352E426-A614-4E27-A8EE-CD80FA184FF2}.Release|x64.Build.0 = Release|x64
		{E352E426-A614-4E27-A8EE-CD80FA184FF2}.Release|x86.ActiveCfg = Release|x86
		{E352E426-A614-4E27-A8EE-CD80FA184FF2}.Release|x86.Build.0 = Release|x86
		{1B4B0A58-0AFB-4090-91DD-18912CC7DE65}.Debug|Any CPU.ActiveCfg = Debug|Any CPU
		{1B4B0A58-0AFB-4090-91DD-18912CC7DE65}.Debug|Any CPU.Build.0 = Debug|Any CPU
		{1B4B0A58-0AFB-4090-91DD-18912CC7DE65}.Debug|x64.ActiveCfg = Debug|x64
		{1B4B0A58-0AFB-4090-91DD-18912CC7DE65}.Debug|x64.Build.0 = Debug|x64
		{1B4B0A58-0AFB-4090-91DD-18912CC7DE65}.Debug|x86.ActiveCfg = Debug|x86
		{1B4B0A58-0AFB-4090-91DD-18912CC7DE65}.Debug|x86.Build.0 = Debug|x86
		{1B4B0A58-0AFB-4090-91DD-18912CC7DE65}.Release|Any CPU.ActiveCfg = Release|Any CPU
		{1B4B0A58-0AFB-4090-91DD-18912CC7DE65}.Release|Any CPU.Build.0 = Release|Any CPU
		{1B4B0A58-0AFB-4090-91DD-18912CC7DE65}.Release|x64.ActiveCfg = Release|x64
		{1B4B0A58-0AFB-4090-91DD-18912CC7DE65}.Release|x64.Build.0 = Release|x64
		{1B4B0A58-0AFB-4090-91DD-18912CC7DE65}.Release|x86.ActiveCfg = Release|x86
		{1B4B0A58-0AFB-4090-91DD-18912CC7DE65}.Release|x86.Build.0 = Release|x86
		{D34E9CDC-0160-4357-8096-287F94E1B2AC}.Debug|Any CPU.ActiveCfg = Debug|Any CPU
		{D34E9CDC-0160-4357-8096-287F94E1B2AC}.Debug|Any CPU.Build.0 = Debug|Any CPU
		{D34E9CDC-0160-4357-8096-287F94E1B2AC}.Debug|x64.ActiveCfg = Debug|x64
		{D34E9CDC-0160-4357-8096-287F94E1B2AC}.Debug|x64.Build.0 = Debug|x64
		{D34E9CDC-0160-4357-8096-287F94E1B2AC}.Debug|x86.ActiveCfg = Debug|x86
		{D34E9CDC-0160-4357-8096-287F94E1B2AC}.Debug|x86.Build.0 = Debug|x86
		{D34E9CDC-0160-4357-8096-287F94E1B2AC}.Release|Any CPU.ActiveCfg = Release|Any CPU
		{D34E9CDC-0160-4357-8096-287F94E1B2AC}.Release|Any CPU.Build.0 = Release|Any CPU
		{D34E9CDC-0160-4357-8096-287F94E1B2AC}.Release|x64.ActiveCfg = Release|x64
		{D34E9CDC-0160-4357-8096-287F94E1B2AC}.Release|x64.Build.0 = Release|x64
		{D34E9CDC-0160-4357-8096-287F94E1B2AC}.Release|x86.ActiveCfg = Release|x86
		{D34E9CDC-0160-4357-8096-287F94E1B2AC}.Release|x86.Build.0 = Release|x86
		{767C182D-D7F9-48ED-B1F9-5DD896717965}.Debug|Any CPU.ActiveCfg = Debug|Any CPU
		{767C182D-D7F9-48ED-B1F9-5DD896717965}.Debug|Any CPU.Build.0 = Debug|Any CPU
		{767C182D-D7F9-48ED-B1F9-5DD896717965}.Debug|x64.ActiveCfg = Debug|x64
		{767C182D-D7F9-48ED-B1F9-5DD896717965}.Debug|x64.Build.0 = Debug|x64
		{767C182D-D7F9-48ED-B1F9-5DD896717965}.Debug|x86.ActiveCfg = Debug|x86
		{767C182D-D7F9-48ED-B1F9-5DD896717965}.Debug|x86.Build.0 = Debug|x86
		{767C182D-D7F9-48ED-B1F9-5DD896717965}.Release|Any CPU.ActiveCfg = Release|Any CPU
		{767C182D-D7F9-48ED-B1F9-5DD896717965}.Release|Any CPU.Build.0 = Release|Any CPU
		{767C182D-D7F9-48ED-B1F9-5DD896717965}.Release|x64.ActiveCfg = Release|x64
		{767C182D-D7F9-48ED-B1F9-5DD896717965}.Release|x64.Build.0 = Release|x64
		{767C182D-D7F9-48ED-B1F9-5DD896717965}.Release|x86.ActiveCfg = Release|x86
		{767C182D-D7F9-48ED-B1F9-5DD896717965}.Release|x86.Build.0 = Release|x86
		{E9655732-EA47-4CDE-9EED-B16295379B16}.Debug|Any CPU.ActiveCfg = Debug|Any CPU
		{E9655732-EA47-4CDE-9EED-B16295379B16}.Debug|Any CPU.Build.0 = Debug|Any CPU
		{E9655732-EA47-4CDE-9EED-B16295379B16}.Debug|x64.ActiveCfg = Debug|x64
		{E9655732-EA47-4CDE-9EED-B16295379B16}.Debug|x64.Build.0 = Debug|x64
		{E9655732-EA47-4CDE-9EED-B16295379B16}.Debug|x86.ActiveCfg = Debug|x86
		{E9655732-EA47-4CDE-9EED-B16295379B16}.Debug|x86.Build.0 = Debug|x86
		{E9655732-EA47-4CDE-9EED-B16295379B16}.Release|Any CPU.ActiveCfg = Release|Any CPU
		{E9655732-EA47-4CDE-9EED-B16295379B16}.Release|Any CPU.Build.0 = Release|Any CPU
		{E9655732-EA47-4CDE-9EED-B16295379B16}.Release|x64.ActiveCfg = Release|x64
		{E9655732-EA47-4CDE-9EED-B16295379B16}.Release|x64.Build.0 = Release|x64
		{E9655732-EA47-4CDE-9EED-B16295379B16}.Release|x86.ActiveCfg = Release|x86
		{E9655732-EA47-4CDE-9EED-B16295379B16}.Release|x86.Build.0 = Release|x86
		{971C1E8F-0AB6-4711-8A70-83EF0C6E8C38}.Debug|Any CPU.ActiveCfg = Debug|Any CPU
		{971C1E8F-0AB6-4711-8A70-83EF0C6E8C38}.Debug|Any CPU.Build.0 = Debug|Any CPU
		{971C1E8F-0AB6-4711-8A70-83EF0C6E8C38}.Debug|x64.ActiveCfg = Debug|x64
		{971C1E8F-0AB6-4711-8A70-83EF0C6E8C38}.Debug|x64.Build.0 = Debug|x64
		{971C1E8F-0AB6-4711-8A70-83EF0C6E8C38}.Debug|x86.ActiveCfg = Debug|x86
		{971C1E8F-0AB6-4711-8A70-83EF0C6E8C38}.Debug|x86.Build.0 = Debug|x86
		{971C1E8F-0AB6-4711-8A70-83EF0C6E8C38}.Release|Any CPU.ActiveCfg = Release|Any CPU
		{971C1E8F-0AB6-4711-8A70-83EF0C6E8C38}.Release|Any CPU.Build.0 = Release|Any CPU
		{971C1E8F-0AB6-4711-8A70-83EF0C6E8C38}.Release|x64.ActiveCfg = Release|x64
		{971C1E8F-0AB6-4711-8A70-83EF0C6E8C38}.Release|x64.Build.0 = Release|x64
		{971C1E8F-0AB6-4711-8A70-83EF0C6E8C38}.Release|x86.ActiveCfg = Release|x86
		{971C1E8F-0AB6-4711-8A70-83EF0C6E8C38}.Release|x86.Build.0 = Release|x86
	EndGlobalSection
	GlobalSection(SolutionProperties) = preSolution
		HideSolutionNode = FALSE
	EndGlobalSection
	GlobalSection(ExtensibilityGlobals) = postSolution
		SolutionGuid = {17E60933-F55F-4ECA-BFB5-582396A6565C}
	EndGlobalSection
EndGlobal
